
Microsoft Visual Studio Solution File, Format Version 12.00
# Visual Studio 15
VisualStudioVersion = 15.0.27703.2042
MinimumVisualStudioVersion = 10.0.40219.1
Project("{FAE04EC0-301F-11D3-BF4B-00C04F79EFBC}") = "CodeArena", "CodeArena\CodeArena.csproj", "{46E2A80D-0329-4D96-A280-006738FF1834}"
EndProject
Global
	GlobalSection(SolutionConfigurationPlatforms) = preSolution
		Debug|Any CPU = Debug|Any CPU
		Release|Any CPU = Release|Any CPU
	EndGlobalSection
	GlobalSection(ProjectConfigurationPlatforms) = postSolution
		{46E2A80D-0329-4D96-A280-006738FF1834}.Debug|Any CPU.ActiveCfg = Debug|Any CPU
		{46E2A80D-0329-4D96-A280-006738FF1834}.Debug|Any CPU.Build.0 = Debug|Any CPU
		{46E2A80D-0329-4D96-A280-006738FF1834}.Release|Any CPU.ActiveCfg = Release|Any CPU
		{46E2A80D-0329-4D96-A280-006738FF1834}.Release|Any CPU.Build.0 = Release|Any CPU
	EndGlobalSection
	GlobalSection(SolutionProperties) = preSolution
		HideSolutionNode = FALSE
	EndGlobalSection
	GlobalSection(ExtensibilityGlobals) = postSolution
		SolutionGuid = {53AFE5C2-16EE-48AF-8EAC-C278E6D34F69}
	EndGlobalSection
EndGlobal
